schema: '2.0'
stages:
  load_data:
    cmd: python src/load_data.py --config=params.yaml
    deps:
    - path: data_given/winequality.csv
      hash: md5
      md5: ccc8d3507eb151f53f760d36abdef888
      size: 91998
    - path: src/get_data.py
      hash: md5
      md5: beb1cb2b5975fd0c0f1c1c3f0d4c8c16
      size: 588
    - path: src/load_data.py
      hash: md5
      md5: 936a229402ab23af3243b04c283829f0
      size: 604
    outs:
    - path: data/raw/winequality.csv
      hash: md5
      md5: 069b522b0321bc25a626ceeffcb8eb44
      size: 93598
  split_data:
    cmd: python src/split_data.py
    deps:
    - path: src/load_data.py
      hash: md5
      md5: 936a229402ab23af3243b04c283829f0
      size: 604
    - path: src/split_data.py
      hash: md5
      md5: 50c3626832a99d5afd10e4bf79ecb77b
      size: 1006
    outs:
    - path: data/processed/test_winequality.csv
      hash: md5
      md5: 1e6e418c4b9d32cc705cc45733400023
      size: 18848
    - path: data/processed/train_winequality.csv
      hash: md5
      md5: e88c5c077de76a5adc25daa165839eff
      size: 74896
  train_and_evaluate:
    cmd: python src/train_and_evaluate.py
    deps:
    - path: data/processed/test_winequality.csv
      hash: md5
      md5: 1e6e418c4b9d32cc705cc45733400023
      size: 18848
    - path: data/processed/train_winequality.csv
      hash: md5
      md5: e88c5c077de76a5adc25daa165839eff
      size: 74896
    - path: src/train_and_evaluate.py
      hash: md5
      md5: 886b38af39de112f4e94495052ff8147
      size: 2732
    params:
      params.yaml:
        estimators.ElasticNet.params.alpha: 0.9
        estimators.ElasticNet.params.l1_ratio: 0.8
    outs:
    - path: report/scores.json
      hash: md5
      md5: 3893e799784e5bea3d37716a5fae359b
      size: 107
    - path: report/variables.json
      hash: md5
      md5: 065ccf431da30da318459fc78bcf4f37
      size: 44
    - path: saved_models/model.joblib
      hash: md5
      md5: 9cdf888fd86948620fdd65df4e5a5111
      size: 1279
